{
  "lockfileVersion": 1,
  "configVersion": 1,
  "workspaces": {
    "": {
      "name": "poll-agents",
      "dependencies": {
        "@supabase/supabase-js": "^2.49.1",
        "nodemailer": "^6.9.16",
      },
      "devDependencies": {
        "@types/nodemailer": "^6.4.17",
        "bun-types": "^1.2.2",
        "typescript": "^5.7.3",
      },
    },
  },
  "packages": {
    "@supabase/auth-js": ["@supabase/auth-js@2.94.1", "", { "dependencies": { "tslib": "2.8.1" } }, "sha512-Wt/SdmAtNNiqrcBbPlzWojLcE1bQ9OYb8PTaYF6QccFX5JeXZI0sZ01MLNE+E83UK6cK0lw4YznX0D2g08UQng=="],

    "@supabase/functions-js": ["@supabase/functions-js@2.94.1", "", { "dependencies": { "tslib": "2.8.1" } }, "sha512-A7Bx0gnclDNZ4m8+mnO2IEEzMxtUSg7cpPEBF6Ek1LpjIQkC7vvoidiV/RuntnKX43IiVcWV1f2FsAppMagEmQ=="],

    "@supabase/postgrest-js": ["@supabase/postgrest-js@2.94.1", "", { "dependencies": { "tslib": "2.8.1" } }, "sha512-N6MTghjHnMZddT48rAj8dIFgedCU97cc1ahQM74Tc+DF4UH7y2+iEfdYV3unJsylpaiWlu92Fy8Lj14Jbrmxog=="],

    "@supabase/realtime-js": ["@supabase/realtime-js@2.94.1", "", { "dependencies": { "@types/phoenix": "^1.6.6", "@types/ws": "^8.18.1", "tslib": "2.8.1", "ws": "^8.18.2" } }, "sha512-Wq8olpCAGmN4y2DH2kUdlcakdzNHRCde72BFS8zK5ub46bBeSUoE9DqrfeNFWKaF2gCE/cmK8aTUTorZD9jdtQ=="],

    "@supabase/storage-js": ["@supabase/storage-js@2.94.1", "", { "dependencies": { "iceberg-js": "^0.8.1", "tslib": "2.8.1" } }, "sha512-/Mi18LGyrugPwtfqETfAqEGcBQotY/7IMsTGYgEFdqr8cQq280BVQWjN2wI9KibWtshPp0Ryvil5Uzd5YfM7kA=="],

    "@supabase/supabase-js": ["@supabase/supabase-js@2.94.1", "", { "dependencies": { "@supabase/auth-js": "2.94.1", "@supabase/functions-js": "2.94.1", "@supabase/postgrest-js": "2.94.1", "@supabase/realtime-js": "2.94.1", "@supabase/storage-js": "2.94.1" } }, "sha512-87vOY8n3WHB3m+a/KeySj07djOQVuRA5qgX5E7db1eDkaZ1of5M+3t/tv6eYYy4BfqxuHMZuCe5uVrO/oyvoow=="],

    "@types/node": ["@types/node@25.2.0", "", { "dependencies": { "undici-types": "~7.16.0" } }, "sha512-DZ8VwRFUNzuqJ5khrvwMXHmvPe+zGayJhr2CDNiKB1WBE1ST8Djl00D0IC4vvNmHMdj6DlbYRIaFE7WHjlDl5w=="],

    "@types/nodemailer": ["@types/nodemailer@6.4.22", "", { "dependencies": { "@types/node": "*" } }, "sha512-HV16KRsW7UyZBITE07B62k8PRAKFqRSFXn1T7vslurVjN761tMDBhk5Lbt17ehyTzK6XcyJnAgUpevrvkcVOzw=="],

    "@types/phoenix": ["@types/phoenix@1.6.7", "", {}, "sha512-oN9ive//QSBkf19rfDv45M7eZPi0eEXylht2OLEXicu5b4KoQ1OzXIw+xDSGWxSxe1JmepRR/ZH283vsu518/Q=="],

    "@types/ws": ["@types/ws@8.18.1", "", { "dependencies": { "@types/node": "*" } }, "sha512-ThVF6DCVhA8kUGy+aazFQ4kXQ7E1Ty7A3ypFOe0IcJV8O/M511G99AW24irKrW56Wt44yG9+ij8FaqoBGkuBXg=="],

    "bun-types": ["bun-types@1.3.8", "", { "dependencies": { "@types/node": "*" } }, "sha512-fL99nxdOWvV4LqjmC+8Q9kW3M4QTtTR1eePs94v5ctGqU8OeceWrSUaRw3JYb7tU3FkMIAjkueehrHPPPGKi5Q=="],

    "iceberg-js": ["iceberg-js@0.8.1", "", {}, "sha512-1dhVQZXhcHje7798IVM+xoo/1ZdVfzOMIc8/rgVSijRK38EDqOJoGula9N/8ZI5RD8QTxNQtK/Gozpr+qUqRRA=="],

    "nodemailer": ["nodemailer@6.10.1", "", {}, "sha512-Z+iLaBGVaSjbIzQ4pX6XV41HrooLsQ10ZWPUehGmuantvzWoDVBnmsdUcOIDM1t+yPor5pDhVlDESgOMEGxhHA=="],

    "tslib": ["tslib@2.8.1", "", {}, "sha512-oJFu94HQb+KVduSUQL7wnpmqnfmLsOA/nAh6b6EH0wCEoK0/mPeXU6c3wKDV83MkOuHPRHtSXKKU99IBazS/2w=="],

    "typescript": ["typescript@5.9.3", "", { "bin": { "tsc": "bin/tsc", "tsserver": "bin/tsserver" } }, "sha512-jl1vZzPDinLr9eUt3J/t7V6FgNEw9QjvBPdysz9KfQDD41fQrC2Y4vKQdiaUpFT4bXlb1RHhLpp8wtm6M5TgSw=="],

    "undici-types": ["undici-types@7.16.0", "", {}, "sha512-Zz+aZWSj8LE6zoxD+xrjh4VfkIG8Ya6LvYkZqtUQGJPZjYl53ypCaUwWqo7eI0x66KBGeRo+mlBEkMSeSZ38Nw=="],

    "ws": ["ws@8.19.0", "", { "peerDependencies": { "bufferutil": "^4.0.1", "utf-8-validate": ">=5.0.2" }, "optionalPeers": ["bufferutil", "utf-8-validate"] }, "sha512-blAT2mjOEIi0ZzruJfIhb3nps74PRWTCz1IjglWEEpQl5XS/UNama6u2/rjFkDDouqr4L67ry+1aGIALViWjDg=="],
  }
}
